
Microsoft Visual Studio Solution File, Format Version 12.00
# Visual Studio Version 16
VisualStudioVersion = 16.0.31313.79
MinimumVisualStudioVersion = 10.0.40219.1
Project("{FAE04EC0-301F-11D3-BF4B-00C04F79EFBC}") = "Ni_hao_World", "Ni_hao_World\Ni_hao_World.csproj", "{A6C600CB-85EA-4AEC-8BB5-99555AE01AED}"
EndProject
Global
	GlobalSection(SolutionConfigurationPlatforms) = preSolution
		Debug|Any CPU = Debug|Any CPU
		Release|Any CPU = Release|Any CPU
	EndGlobalSection
	GlobalSection(ProjectConfigurationPlatforms) = postSolution
		{A6C600CB-85EA-4AEC-8BB5-99555AE01AED}.Debug|Any CPU.ActiveCfg = Debug|Any CPU
		{A6C600CB-85EA-4AEC-8BB5-99555AE01AED}.Debug|Any CPU.Build.0 = Debug|Any CPU
		{A6C600CB-85EA-4AEC-8BB5-99555AE01AED}.Release|Any CPU.ActiveCfg = Release|Any CPU
		{A6C600CB-85EA-4AEC-8BB5-99555AE01AED}.Release|Any CPU.Build.0 = Release|Any CPU
	EndGlobalSection
	GlobalSection(SolutionProperties) = preSolution
		HideSolutionNode = FALSE
	EndGlobalSection
	GlobalSection(ExtensibilityGlobals) = postSolution
		SolutionGuid = {28C07FCB-E821-4580-B8AA-DE315BAE4E78}
	EndGlobalSection
EndGlobal
